// !$*UTF8*$!
{
	archiveVersion = 1;
	classes = {
	};
	objectVersion = 50;
	objects = {

/* Begin PBXBuildFile section */
		6B0267E82705603E006C4EE0 /* Video.swift in Sources */ = {isa = PBXBuildFile; fileRef = 6B0267E72705603E006C4EE0 /* Video.swift */; };
		6B0267ED27057109006C4EE0 /* PlayerViewController.swift in Sources */ = {isa = PBXBuildFile; fileRef = 6B0267EC27057109006C4EE0 /* PlayerViewController.swift */; };
		6B5A26A626FE798C0047F97E /* AppDelegate.swift in Sources */ = {isa = PBXBuildFile; fileRef = 6B5A26A526FE798C0047F97E /* AppDelegate.swift */; };
		6B5A26A826FE798C0047F97E /* SceneDelegate.swift in Sources */ = {isa = PBXBuildFile; fileRef = 6B5A26A726FE798C0047F97E /* SceneDelegate.swift */; };
		6B5A26AA26FE798C0047F97E /* ViewController.swift in Sources */ = {isa = PBXBuildFile; fileRef = 6B5A26A926FE798C0047F97E /* ViewController.swift */; };
		6B5A26AD26FE798C0047F97E /* Main.storyboard in Resources */ = {isa = PBXBuildFile; fileRef = 6B5A26AB26FE798C0047F97E /* Main.storyboard */; };
		6B5A26AF26FE799D0047F97E /* Assets.xcassets in Resources */ = {isa = PBXBuildFile; fileRef = 6B5A26AE26FE799D0047F97E /* Assets.xcassets */; };
		6B5A26B226FE799D0047F97E /* LaunchScreen.storyboard in Resources */ = {isa = PBXBuildFile; fileRef = 6B5A26B026FE799D0047F97E /* LaunchScreen.storyboard */; };
		6B5A26BD26FE799E0047F97E /* rappypaytestTests.swift in Sources */ = {isa = PBXBuildFile; fileRef = 6B5A26BC26FE799E0047F97E /* rappypaytestTests.swift */; };
		6B5A26C826FE799E0047F97E /* rappypaytestUITests.swift in Sources */ = {isa = PBXBuildFile; fileRef = 6B5A26C726FE799E0047F97E /* rappypaytestUITests.swift */; };
		6B5A26F526FFBA420047F97E /* CardCollectionViewCell.swift in Sources */ = {isa = PBXBuildFile; fileRef = 6B5A26F426FFBA420047F97E /* CardCollectionViewCell.swift */; };
		6B5A26F626FFBA420047F97E /* CardCollectionViewCell.swift in Sources */ = {isa = PBXBuildFile; fileRef = 6B5A26F426FFBA420047F97E /* CardCollectionViewCell.swift */; };
		6B5A26F726FFBA420047F97E /* CardCollectionViewCell.swift in Sources */ = {isa = PBXBuildFile; fileRef = 6B5A26F426FFBA420047F97E /* CardCollectionViewCell.swift */; };
		6B5A270226FFBB0B0047F97E /* ContainerTableViewCell.swift in Sources */ = {isa = PBXBuildFile; fileRef = 6B5A270126FFBB0B0047F97E /* ContainerTableViewCell.swift */; };
		6B5A270326FFBB0B0047F97E /* ContainerTableViewCell.swift in Sources */ = {isa = PBXBuildFile; fileRef = 6B5A270126FFBB0B0047F97E /* ContainerTableViewCell.swift */; };
		6B5A270426FFBB0B0047F97E /* ContainerTableViewCell.swift in Sources */ = {isa = PBXBuildFile; fileRef = 6B5A270126FFBB0B0047F97E /* ContainerTableViewCell.swift */; };
		6B5A270926FFBD2E0047F97E /* HeaderTableViewCell.swift in Sources */ = {isa = PBXBuildFile; fileRef = 6B5A270826FFBD2E0047F97E /* HeaderTableViewCell.swift */; };
		6B5A270A26FFBD2E0047F97E /* HeaderTableViewCell.swift in Sources */ = {isa = PBXBuildFile; fileRef = 6B5A270826FFBD2E0047F97E /* HeaderTableViewCell.swift */; };
		6B5A270B26FFBD2E0047F97E /* HeaderTableViewCell.swift in Sources */ = {isa = PBXBuildFile; fileRef = 6B5A270826FFBD2E0047F97E /* HeaderTableViewCell.swift */; };
		6B5A271026FFCE660047F97E /* CardSearchTableViewCell.swift in Sources */ = {isa = PBXBuildFile; fileRef = 6B5A270F26FFCE660047F97E /* CardSearchTableViewCell.swift */; };
		6B5A271126FFCE660047F97E /* CardSearchTableViewCell.swift in Sources */ = {isa = PBXBuildFile; fileRef = 6B5A270F26FFCE660047F97E /* CardSearchTableViewCell.swift */; };
		6B5A271226FFCE660047F97E /* CardSearchTableViewCell.swift in Sources */ = {isa = PBXBuildFile; fileRef = 6B5A270F26FFCE660047F97E /* CardSearchTableViewCell.swift */; };
		6B78EA012700D680000E4E0A /* ApiService.swift in Sources */ = {isa = PBXBuildFile; fileRef = 6B78EA002700D680000E4E0A /* ApiService.swift */; };
		6B78EA0B2700E412000E4E0A /* ProgramService.swift in Sources */ = {isa = PBXBuildFile; fileRef = 6B78EA0A2700E412000E4E0A /* ProgramService.swift */; };
		6B78EA1627011A64000E4E0A /* ImageService.swift in Sources */ = {isa = PBXBuildFile; fileRef = 6B78EA1527011A64000E4E0A /* ImageService.swift */; };
		6B78EA1B27015C2E000E4E0A /* DetailViewController.swift in Sources */ = {isa = PBXBuildFile; fileRef = 6B78EA1A27015C2E000E4E0A /* DetailViewController.swift */; };
		6BCB79A526FFDDCD00D6A9E6 /* CommonViewController.swift in Sources */ = {isa = PBXBuildFile; fileRef = 6BCB79A426FFDDCD00D6A9E6 /* CommonViewController.swift */; };
		6BCB79B02700275300D6A9E6 /* Program.swift in Sources */ = {isa = PBXBuildFile; fileRef = 6BCB79AF2700275300D6A9E6 /* Program.swift */; };
		6BCB79BA2700315500D6A9E6 /* enumerations.swift in Sources */ = {isa = PBXBuildFile; fileRef = 6BCB79B92700315500D6A9E6 /* enumerations.swift */; };
/* End PBXBuildFile section */

/* Begin PBXContainerItemProxy section */
		6B5A26B926FE799E0047F97E /* PBXContainerItemProxy */ = {
			isa = PBXContainerItemProxy;
			containerPortal = 6B5A269A26FE798C0047F97E /* Project object */;
			proxyType = 1;
			remoteGlobalIDString = 6B5A26A126FE798C0047F97E;
			remoteInfo = rappypaytest;
		};
		6B5A26C426FE799E0047F97E /* PBXContainerItemProxy */ = {
			isa = PBXContainerItemProxy;
			containerPortal = 6B5A269A26FE798C0047F97E /* Project object */;
			proxyType = 1;
			remoteGlobalIDString = 6B5A26A126FE798C0047F97E;
			remoteInfo = rappypaytest;
		};
/* End PBXContainerItemProxy section */

/* Begin PBXFileReference section */
		6B0267E72705603E006C4EE0 /* Video.swift */ = {isa = PBXFileReference; lastKnownFileType = sourcecode.swift; path = Video.swift; sourceTree = "<group>"; };
		6B0267EC27057109006C4EE0 /* PlayerViewController.swift */ = {isa = PBXFileReference; lastKnownFileType = sourcecode.swift; path = PlayerViewController.swift; sourceTree = "<group>"; };
		6B5A26A226FE798C0047F97E /* rappypaytest.app */ = {isa = PBXFileReference; explicitFileType = wrapper.application; includeInIndex = 0; path = rappypaytest.app; sourceTree = BUILT_PRODUCTS_DIR; };
		6B5A26A526FE798C0047F97E /* AppDelegate.swift */ = {isa = PBXFileReference; lastKnownFileType = sourcecode.swift; path = AppDelegate.swift; sourceTree = "<group>"; };
		6B5A26A726FE798C0047F97E /* SceneDelegate.swift */ = {isa = PBXFileReference; lastKnownFileType = sourcecode.swift; path = SceneDelegate.swift; sourceTree = "<group>"; };
		6B5A26A926FE798C0047F97E /* ViewController.swift */ = {isa = PBXFileReference; lastKnownFileType = sourcecode.swift; path = ViewController.swift; sourceTree = "<group>"; };
		6B5A26AC26FE798C0047F97E /* Base */ = {isa = PBXFileReference; lastKnownFileType = file.storyboard; name = Base; path = Base.lproj/Main.storyboard; sourceTree = "<group>"; };
		6B5A26AE26FE799D0047F97E /* Assets.xcassets */ = {isa = PBXFileReference; lastKnownFileType = folder.assetcatalog; path = Assets.xcassets; sourceTree = "<group>"; };
		6B5A26B126FE799D0047F97E /* Base */ = {isa = PBXFileReference; lastKnownFileType = file.storyboard; name = Base; path = Base.lproj/LaunchScreen.storyboard; sourceTree = "<group>"; };
		6B5A26B326FE799D0047F97E /* Info.plist */ = {isa = PBXFileReference; lastKnownFileType = text.plist.xml; path = Info.plist; sourceTree = "<group>"; };
		6B5A26B826FE799E0047F97E /* rappypaytestTests.xctest */ = {isa = PBXFileReference; explicitFileType = wrapper.cfbundle; includeInIndex = 0; path = rappypaytestTests.xctest; sourceTree = BUILT_PRODUCTS_DIR; };
		6B5A26BC26FE799E0047F97E /* rappypaytestTests.swift */ = {isa = PBXFileReference; lastKnownFileType = sourcecode.swift; path = rappypaytestTests.swift; sourceTree = "<group>"; };
		6B5A26BE26FE799E0047F97E /* Info.plist */ = {isa = PBXFileReference; lastKnownFileType = text.plist.xml; path = Info.plist; sourceTree = "<group>"; };
		6B5A26C326FE799E0047F97E /* rappypaytestUITests.xctest */ = {isa = PBXFileReference; explicitFileType = wrapper.cfbundle; includeInIndex = 0; path = rappypaytestUITests.xctest; sourceTree = BUILT_PRODUCTS_DIR; };
		6B5A26C726FE799E0047F97E /* rappypaytestUITests.swift */ = {isa = PBXFileReference; lastKnownFileType = sourcecode.swift; path = rappypaytestUITests.swift; sourceTree = "<group>"; };
		6B5A26C926FE799E0047F97E /* Info.plist */ = {isa = PBXFileReference; lastKnownFileType = text.plist.xml; path = Info.plist; sourceTree = "<group>"; };
		6B5A26F426FFBA420047F97E /* CardCollectionViewCell.swift */ = {isa = PBXFileReference; lastKnownFileType = sourcecode.swift; path = CardCollectionViewCell.swift; sourceTree = "<group>"; };
		6B5A270126FFBB0B0047F97E /* ContainerTableViewCell.swift */ = {isa = PBXFileReference; lastKnownFileType = sourcecode.swift; path = ContainerTableViewCell.swift; sourceTree = "<group>"; };
		6B5A270826FFBD2E0047F97E /* HeaderTableViewCell.swift */ = {isa = PBXFileReference; lastKnownFileType = sourcecode.swift; path = HeaderTableViewCell.swift; sourceTree = "<group>"; };
		6B5A270F26FFCE660047F97E /* CardSearchTableViewCell.swift */ = {isa = PBXFileReference; lastKnownFileType = sourcecode.swift; path = CardSearchTableViewCell.swift; sourceTree = "<group>"; };
		6B78EA002700D680000E4E0A /* ApiService.swift */ = {isa = PBXFileReference; lastKnownFileType = sourcecode.swift; path = ApiService.swift; sourceTree = "<group>"; };
		6B78EA0A2700E412000E4E0A /* ProgramService.swift */ = {isa = PBXFileReference; lastKnownFileType = sourcecode.swift; path = ProgramService.swift; sourceTree = "<group>"; };
		6B78EA1527011A64000E4E0A /* ImageService.swift */ = {isa = PBXFileReference; lastKnownFileType = sourcecode.swift; path = ImageService.swift; sourceTree = "<group>"; };
		6B78EA1A27015C2E000E4E0A /* DetailViewController.swift */ = {isa = PBXFileReference; lastKnownFileType = sourcecode.swift; path = DetailViewController.swift; sourceTree = "<group>"; };
		6BCB79A426FFDDCD00D6A9E6 /* CommonViewController.swift */ = {isa = PBXFileReference; lastKnownFileType = sourcecode.swift; path = CommonViewController.swift; sourceTree = "<group>"; };
		6BCB79AF2700275300D6A9E6 /* Program.swift */ = {isa = PBXFileReference; lastKnownFileType = sourcecode.swift; path = Program.swift; sourceTree = "<group>"; };
		6BCB79B92700315500D6A9E6 /* enumerations.swift */ = {isa = PBXFileReference; lastKnownFileType = sourcecode.swift; path = enumerations.swift; sourceTree = "<group>"; };
/* End PBXFileReference section */

/* Begin PBXFrameworksBuildPhase section */
		6B5A269F26FE798C0047F97E /* Frameworks */ = {
			isa = PBXFrameworksBuildPhase;
			buildActionMask = 2147483647;
			files = (
			);
			runOnlyForDeploymentPostprocessing = 0;
		};
		6B5A26B526FE799E0047F97E /* Frameworks */ = {
			isa = PBXFrameworksBuildPhase;
			buildActionMask = 2147483647;
			files = (
			);
			runOnlyForDeploymentPostprocessing = 0;
		};
		6B5A26C026FE799E0047F97E /* Frameworks */ = {
			isa = PBXFrameworksBuildPhase;
			buildActionMask = 2147483647;
			files = (
			);
			runOnlyForDeploymentPostprocessing = 0;
		};
/* End PBXFrameworksBuildPhase section */

/* Begin PBXGroup section */
		6B5A269926FE798C0047F97E = {
			isa = PBXGroup;
			children = (
				6B5A26A426FE798C0047F97E /* rappypaytest */,
				6B5A26BB26FE799E0047F97E /* rappypaytestTests */,
				6B5A26C626FE799E0047F97E /* rappypaytestUITests */,
				6B5A26A326FE798C0047F97E /* Products */,
			);
			sourceTree = "<group>";
		};
		6B5A26A326FE798C0047F97E /* Products */ = {
			isa = PBXGroup;
			children = (
				6B5A26A226FE798C0047F97E /* rappypaytest.app */,
				6B5A26B826FE799E0047F97E /* rappypaytestTests.xctest */,
				6B5A26C326FE799E0047F97E /* rappypaytestUITests.xctest */,
			);
			name = Products;
			sourceTree = "<group>";
		};
		6B5A26A426FE798C0047F97E /* rappypaytest */ = {
			isa = PBXGroup;
			children = (
				6BCB79A927001D6C00D6A9E6 /* Model */,
				6B5A26B326FE799D0047F97E /* Info.plist */,
				6B5A26E226FFB36E0047F97E /* Utils */,
				6B5A26E126FFB3660047F97E /* Resources */,
				6B5A26E026FFB35A0047F97E /* Services */,
				6B5A26DF26FFB3510047F97E /* Views */,
				6B5A26DE26FFB3390047F97E /* Controllers */,
				6B5A26A526FE798C0047F97E /* AppDelegate.swift */,
				6B5A26A726FE798C0047F97E /* SceneDelegate.swift */,
			);
			path = rappypaytest;
			sourceTree = "<group>";
		};
		6B5A26BB26FE799E0047F97E /* rappypaytestTests */ = {
			isa = PBXGroup;
			children = (
				6B5A26BC26FE799E0047F97E /* rappypaytestTests.swift */,
				6B5A26BE26FE799E0047F97E /* Info.plist */,
			);
			path = rappypaytestTests;
			sourceTree = "<group>";
		};
		6B5A26C626FE799E0047F97E /* rappypaytestUITests */ = {
			isa = PBXGroup;
			children = (
				6B5A26C726FE799E0047F97E /* rappypaytestUITests.swift */,
				6B5A26C926FE799E0047F97E /* Info.plist */,
			);
			path = rappypaytestUITests;
			sourceTree = "<group>";
		};
		6B5A26DE26FFB3390047F97E /* Controllers */ = {
			isa = PBXGroup;
			children = (
				6B5A26A926FE798C0047F97E /* ViewController.swift */,
				6BCB79A426FFDDCD00D6A9E6 /* CommonViewController.swift */,
				6B78EA1A27015C2E000E4E0A /* DetailViewController.swift */,
				6B0267EC27057109006C4EE0 /* PlayerViewController.swift */,
			);
			path = Controllers;
			sourceTree = "<group>";
		};
		6B5A26DF26FFB3510047F97E /* Views */ = {
			isa = PBXGroup;
			children = (
				6B5A26E926FFB41A0047F97E /* ReusableCells */,
				6B5A26AB26FE798C0047F97E /* Main.storyboard */,
				6B5A26B026FE799D0047F97E /* LaunchScreen.storyboard */,
			);
			path = Views;
			sourceTree = "<group>";
		};
		6B5A26E026FFB35A0047F97E /* Services */ = {
			isa = PBXGroup;
			children = (
				6B78EA002700D680000E4E0A /* ApiService.swift */,
				6B78EA0A2700E412000E4E0A /* ProgramService.swift */,
				6B78EA1527011A64000E4E0A /* ImageService.swift */,
			);
			path = Services;
			sourceTree = "<group>";
		};
		6B5A26E126FFB3660047F97E /* Resources */ = {
			isa = PBXGroup;
			children = (
				6B5A26AE26FE799D0047F97E /* Assets.xcassets */,
			);
			path = Resources;
			sourceTree = "<group>";
		};
		6B5A26E226FFB36E0047F97E /* Utils */ = {
			isa = PBXGroup;
			children = (
				6BCB79B92700315500D6A9E6 /* enumerations.swift */,
			);
			path = Utils;
			sourceTree = "<group>";
		};
		6B5A26E926FFB41A0047F97E /* ReusableCells */ = {
			isa = PBXGroup;
			children = (
				6B5A26F426FFBA420047F97E /* CardCollectionViewCell.swift */,
				6B5A270126FFBB0B0047F97E /* ContainerTableViewCell.swift */,
				6B5A270826FFBD2E0047F97E /* HeaderTableViewCell.swift */,
				6B5A270F26FFCE660047F97E /* CardSearchTableViewCell.swift */,
			);
			path = ReusableCells;
			sourceTree = "<group>";
		};
		6BCB79A927001D6C00D6A9E6 /* Model */ = {
			isa = PBXGroup;
			children = (
				6BCB79AF2700275300D6A9E6 /* Program.swift */,
				6B0267E72705603E006C4EE0 /* Video.swift */,
			);
			path = Model;
			sourceTree = "<group>";
		};
/* End PBXGroup section */

/* Begin PBXNativeTarget section */
		6B5A26A126FE798C0047F97E /* rappypaytest */ = {
			isa = PBXNativeTarget;
			buildConfigurationList = 6B5A26CC26FE799E0047F97E /* Build configuration list for PBXNativeTarget "rappypaytest" */;
			buildPhases = (
				6B5A269E26FE798C0047F97E /* Sources */,
				6B5A269F26FE798C0047F97E /* Frameworks */,
				6B5A26A026FE798C0047F97E /* Resources */,
			);
			buildRules = (
			);
			dependencies = (
			);
			name = rappypaytest;
			productName = rappypaytest;
			productReference = 6B5A26A226FE798C0047F97E /* rappypaytest.app */;
			productType = "com.apple.product-type.application";
		};
		6B5A26B726FE799E0047F97E /* rappypaytestTests */ = {
			isa = PBXNativeTarget;
			buildConfigurationList = 6B5A26CF26FE799E0047F97E /* Build configuration list for PBXNativeTarget "rappypaytestTests" */;
			buildPhases = (
				6B5A26B426FE799E0047F97E /* Sources */,
				6B5A26B526FE799E0047F97E /* Frameworks */,
				6B5A26B626FE799E0047F97E /* Resources */,
			);
			buildRules = (
			);
			dependencies = (
				6B5A26BA26FE799E0047F97E /* PBXTargetDependency */,
			);
			name = rappypaytestTests;
			productName = rappypaytestTests;
			productReference = 6B5A26B826FE799E0047F97E /* rappypaytestTests.xctest */;
			productType = "com.apple.product-type.bundle.unit-test";
		};
		6B5A26C226FE799E0047F97E /* rappypaytestUITests */ = {
			isa = PBXNativeTarget;
			buildConfigurationList = 6B5A26D226FE799E0047F97E /* Build configuration list for PBXNativeTarget "rappypaytestUITests" */;
			buildPhases = (
				6B5A26BF26FE799E0047F97E /* Sources */,
				6B5A26C026FE799E0047F97E /* Frameworks */,
				6B5A26C126FE799E0047F97E /* Resources */,
			);
			buildRules = (
			);
			dependencies = (
				6B5A26C526FE799E0047F97E /* PBXTargetDependency */,
			);
			name = rappypaytestUITests;
			productName = rappypaytestUITests;
			productReference = 6B5A26C326FE799E0047F97E /* rappypaytestUITests.xctest */;
			productType = "com.apple.product-type.bundle.ui-testing";
		};
/* End PBXNativeTarget section */

/* Begin PBXProject section */
		6B5A269A26FE798C0047F97E /* Project object */ = {
			isa = PBXProject;
			attributes = {
				LastSwiftUpdateCheck = 1240;
				LastUpgradeCheck = 1240;
				TargetAttributes = {
					6B5A26A126FE798C0047F97E = {
						CreatedOnToolsVersion = 12.4;
					};
					6B5A26B726FE799E0047F97E = {
						CreatedOnToolsVersion = 12.4;
						TestTargetID = 6B5A26A126FE798C0047F97E;
					};
					6B5A26C226FE799E0047F97E = {
						CreatedOnToolsVersion = 12.4;
						TestTargetID = 6B5A26A126FE798C0047F97E;
					};
				};
			};
			buildConfigurationList = 6B5A269D26FE798C0047F97E /* Build configuration list for PBXProject "rappypaytest" */;
			compatibilityVersion = "Xcode 9.3";
			developmentRegion = en;
			hasScannedForEncodings = 0;
			knownRegions = (
				en,
				Base,
			);
			mainGroup = 6B5A269926FE798C0047F97E;
			productRefGroup = 6B5A26A326FE798C0047F97E /* Products */;
			projectDirPath = "";
			projectRoot = "";
			targets = (
				6B5A26A126FE798C0047F97E /* rappypaytest */,
				6B5A26B726FE799E0047F97E /* rappypaytestTests */,
				6B5A26C226FE799E0047F97E /* rappypaytestUITests */,
			);
		};
/* End PBXProject section */

/* Begin PBXResourcesBuildPhase section */
		6B5A26A026FE798C0047F97E /* Resources */ = {
			isa = PBXResourcesBuildPhase;
			buildActionMask = 2147483647;
			files = (
				6B5A26B226FE799D0047F97E /* LaunchScreen.storyboard in Resources */,
				6B5A26AF26FE799D0047F97E /* Assets.xcassets in Resources */,
				6B5A26AD26FE798C0047F97E /* Main.storyboard in Resources */,
			);
			runOnlyForDeploymentPostprocessing = 0;
		};
		6B5A26B626FE799E0047F97E /* Resources */ = {
			isa = PBXResourcesBuildPhase;
			buildActionMask = 2147483647;
			files = (
			);
			runOnlyForDeploymentPostprocessing = 0;
		};
		6B5A26C126FE799E0047F97E /* Resources */ = {
			isa = PBXResourcesBuildPhase;
			buildActionMask = 2147483647;
			files = (
			);
			runOnlyForDeploymentPostprocessing = 0;
		};
/* End PBXResourcesBuildPhase section */

/* Begin PBXSourcesBuildPhase section */
		6B5A269E26FE798C0047F97E /* Sources */ = {
			isa = PBXSourcesBuildPhase;
			buildActionMask = 2147483647;
			files = (
				6BCB79B02700275300D6A9E6 /* Program.swift in Sources */,
				6B0267ED27057109006C4EE0 /* PlayerViewController.swift in Sources */,
				6B5A270226FFBB0B0047F97E /* ContainerTableViewCell.swift in Sources */,
				6B5A26AA26FE798C0047F97E /* ViewController.swift in Sources */,
				6B5A26A626FE798C0047F97E /* AppDelegate.swift in Sources */,
				6B0267E82705603E006C4EE0 /* Video.swift in Sources */,
				6B5A26A826FE798C0047F97E /* SceneDelegate.swift in Sources */,
				6B78EA1B27015C2E000E4E0A /* DetailViewController.swift in Sources */,
				6B78EA012700D680000E4E0A /* ApiService.swift in Sources */,
				6B78EA1627011A64000E4E0A /* ImageService.swift in Sources */,
				6B5A270926FFBD2E0047F97E /* HeaderTableViewCell.swift in Sources */,
				6BCB79A526FFDDCD00D6A9E6 /* CommonViewController.swift in Sources */,
				6B78EA0B2700E412000E4E0A /* ProgramService.swift in Sources */,
				6B5A271026FFCE660047F97E /* CardSearchTableViewCell.swift in Sources */,
				6B5A26F526FFBA420047F97E /* CardCollectionViewCell.swift in Sources */,
				6BCB79BA2700315500D6A9E6 /* enumerations.swift in Sources */,
			);
			runOnlyForDeploymentPostprocessing = 0;
		};
		6B5A26B426FE799E0047F97E /* Sources */ = {
			isa = PBXSourcesBuildPhase;
			buildActionMask = 2147483647;
			files = (
				6B5A271126FFCE660047F97E /* CardSearchTableViewCell.swift in Sources */,
				6B5A270A26FFBD2E0047F97E /* HeaderTableViewCell.swift in Sources */,
				6B5A26BD26FE799E0047F97E /* rappypaytestTests.swift in Sources */,
				6B5A270326FFBB0B0047F97E /* ContainerTableViewCell.swift in Sources */,
				6B5A26F626FFBA420047F97E /* CardCollectionViewCell.swift in Sources */,
			);
			runOnlyForDeploymentPostprocessing = 0;
		};
		6B5A26BF26FE799E0047F97E /* Sources */ = {
			isa = PBXSourcesBuildPhase;
			buildActionMask = 2147483647;
			files = (
				6B5A271226FFCE660047F97E /* CardSearchTableViewCell.swift in Sources */,
				6B5A270B26FFBD2E0047F97E /* HeaderTableViewCell.swift in Sources */,
				6B5A26C826FE799E0047F97E /* rappypaytestUITests.swift in Sources */,
				6B5A270426FFBB0B0047F97E /* ContainerTableViewCell.swift in Sources */,
				6B5A26F726FFBA420047F97E /* CardCollectionViewCell.swift in Sources */,
			);
			runOnlyForDeploymentPostprocessing = 0;
		};
/* End PBXSourcesBuildPhase section */

/* Begin PBXTargetDependency section */
		6B5A26BA26FE799E0047F97E /* PBXTargetDependency */ = {
			isa = PBXTargetDependency;
			target = 6B5A26A126FE798C0047F97E /* rappypaytest */;
			targetProxy = 6B5A26B926FE799E0047F97E /* PBXContainerItemProxy */;
		};
		6B5A26C526FE799E0047F97E /* PBXTargetDependency */ = {
			isa = PBXTargetDependency;
			target = 6B5A26A126FE798C0047F97E /* rappypaytest */;
			targetProxy = 6B5A26C426FE799E0047F97E /* PBXContainerItemProxy */;
		};
/* End PBXTargetDependency section */

/* Begin PBXVariantGroup section */
		6B5A26AB26FE798C0047F97E /* Main.storyboard */ = {
			isa = PBXVariantGroup;
			children = (
				6B5A26AC26FE798C0047F97E /* Base */,
			);
			name = Main.storyboard;
			sourceTree = "<group>";
		};
		6B5A26B026FE799D0047F97E /* LaunchScreen.storyboard */ = {
			isa = PBXVariantGroup;
			children = (
				6B5A26B126FE799D0047F97E /* Base */,
			);
			name = LaunchScreen.storyboard;
			sourceTree = "<group>";
		};
/* End PBXVariantGroup section */

/* Begin XCBuildConfiguration section */
		6B5A26CA26FE799E0047F97E /* Debug */ = {
			isa = XCBuildConfiguration;
			buildSettings = {
				ALWAYS_SEARCH_USER_PATHS = NO;
				CLANG_ANALYZER_NONNULL = YES;
				CLANG_ANALYZER_NUMBER_OBJECT_CONVERSION = YES_AGGRESSIVE;
				CLANG_CXX_LANGUAGE_STANDARD = "gnu++14";
				CLANG_CXX_LIBRARY = "libc++";
				CLANG_ENABLE_MODULES = YES;
				CLANG_ENABLE_OBJC_ARC = YES;
				CLANG_ENABLE_OBJC_WEAK = YES;
				CLANG_WARN_BLOCK_CAPTURE_AUTORELEASING = YES;
				CLANG_WARN_BOOL_CONVERSION = YES;
				CLANG_WARN_COMMA = YES;
				CLANG_WARN_CONSTANT_CONVERSION = YES;
				CLANG_WARN_DEPRECATED_OBJC_IMPLEMENTATIONS = YES;
				CLANG_WARN_DIRECT_OBJC_ISA_USAGE = YES_ERROR;
				CLANG_WARN_DOCUMENTATION_COMMENTS = YES;
				CLANG_WARN_EMPTY_BODY = YES;
				CLANG_WARN_ENUM_CONVERSION = YES;
				CLANG_WARN_INFINITE_RECURSION = YES;
				CLANG_WARN_INT_CONVERSION = YES;
				CLANG_WARN_NON_LITERAL_NULL_CONVERSION = YES;
				CLANG_WARN_OBJC_IMPLICIT_RETAIN_SELF = YES;
				CLANG_WARN_OBJC_LITERAL_CONVERSION = YES;
				CLANG_WARN_OBJC_ROOT_CLASS = YES_ERROR;
				CLANG_WARN_QUOTED_INCLUDE_IN_FRAMEWORK_HEADER = YES;
				CLANG_WARN_RANGE_LOOP_ANALYSIS = YES;
				CLANG_WARN_STRICT_PROTOTYPES = YES;
				CLANG_WARN_SUSPICIOUS_MOVE = YES;
				CLANG_WARN_UNGUARDED_AVAILABILITY = YES_AGGRESSIVE;
				CLANG_WARN_UNREACHABLE_CODE = YES;
				CLANG_WARN__DUPLICATE_METHOD_MATCH = YES;
				COPY_PHASE_STRIP = NO;
				DEBUG_INFORMATION_FORMAT = dwarf;
				ENABLE_STRICT_OBJC_MSGSEND = YES;
				ENABLE_TESTABILITY = YES;
				GCC_C_LANGUAGE_STANDARD = gnu11;
				GCC_DYNAMIC_NO_PIC = NO;
				GCC_NO_COMMON_BLOCKS = YES;
				GCC_OPTIMIZATION_LEVEL = 0;
				GCC_PREPROCESSOR_DEFINITIONS = (
					"DEBUG=1",
					"$(inherited)",
				);
				GCC_WARN_64_TO_32_BIT_CONVERSION = YES;
				GCC_WARN_ABOUT_RETURN_TYPE = YES_ERROR;
				GCC_WARN_UNDECLARED_SELECTOR = YES;
				GCC_WARN_UNINITIALIZED_AUTOS = YES_AGGRESSIVE;
				GCC_WARN_UNUSED_FUNCTION = YES;
				GCC_WARN_UNUSED_VARIABLE = YES;
				IPHONEOS_DEPLOYMENT_TARGET = 14.4;
				MTL_ENABLE_DEBUG_INFO = INCLUDE_SOURCE;
				MTL_FAST_MATH = YES;
				ONLY_ACTIVE_ARCH = YES;
				SDKROOT = iphoneos;
				SWIFT_ACTIVE_COMPILATION_CONDITIONS = DEBUG;
				SWIFT_OPTIMIZATION_LEVEL = "-Onone";
			};
			name = Debug;
		};
		6B5A26CB26FE799E0047F97E /* Release */ = {
			isa = XCBuildConfiguration;
			buildSettings = {
				ALWAYS_SEARCH_USER_PATHS = NO;
				CLANG_ANALYZER_NONNULL = YES;
				CLANG_ANALYZER_NUMBER_OBJECT_CONVERSION = YES_AGGRESSIVE;
				CLANG_CXX_LANGUAGE_STANDARD = "gnu++14";
				CLANG_CXX_LIBRARY = "libc++";
				CLANG_ENABLE_MODULES = YES;
				CLANG_ENABLE_OBJC_ARC = YES;
				CLANG_ENABLE_OBJC_WEAK = YES;
				CLANG_WARN_BLOCK_CAPTURE_AUTORELEASING = YES;
				CLANG_WARN_BOOL_CONVERSION = YES;
				CLANG_WARN_COMMA = YES;
				CLANG_WARN_CONSTANT_CONVERSION = YES;
				CLANG_WARN_DEPRECATED_OBJC_IMPLEMENTATIONS = YES;
				CLANG_WARN_DIRECT_OBJC_ISA_USAGE = YES_ERROR;
				CLANG_WARN_DOCUMENTATION_COMMENTS = YES;
				CLANG_WARN_EMPTY_BODY = YES;
				CLANG_WARN_ENUM_CONVERSION = YES;
				CLANG_WARN_INFINITE_RECURSION = YES;
				CLANG_WARN_INT_CONVERSION = YES;
				CLANG_WARN_NON_LITERAL_NULL_CONVERSION = YES;
				CLANG_WARN_OBJC_IMPLICIT_RETAIN_SELF = YES;
				CLANG_WARN_OBJC_LITERAL_CONVERSION = YES;
				CLANG_WARN_OBJC_ROOT_CLASS = YES_ERROR;
				CLANG_WARN_QUOTED_INCLUDE_IN_FRAMEWORK_HEADER = YES;
				CLANG_WARN_RANGE_LOOP_ANALYSIS = YES;
				CLANG_WARN_STRICT_PROTOTYPES = YES;
				CLANG_WARN_SUSPICIOUS_MOVE = YES;
				CLANG_WARN_UNGUARDED_AVAILABILITY = YES_AGGRESSIVE;
				CLANG_WARN_UNREACHABLE_CODE = YES;
				CLANG_WARN__DUPLICATE_METHOD_MATCH = YES;
				COPY_PHASE_STRIP = NO;
				DEBUG_INFORMATION_FORMAT = "dwarf-with-dsym";
				ENABLE_NS_ASSERTIONS = NO;
				ENABLE_STRICT_OBJC_MSGSEND = YES;
				GCC_C_LANGUAGE_STANDARD = gnu11;
				GCC_NO_COMMON_BLOCKS = YES;
				GCC_WARN_64_TO_32_BIT_CONVERSION = YES;
				GCC_WARN_ABOUT_RETURN_TYPE = YES_ERROR;
				GCC_WARN_UNDECLARED_SELECTOR = YES;
				GCC_WARN_UNINITIALIZED_AUTOS = YES_AGGRESSIVE;
				GCC_WARN_UNUSED_FUNCTION = YES;
				GCC_WARN_UNUSED_VARIABLE = YES;
				IPHONEOS_DEPLOYMENT_TARGET = 14.4;
				MTL_ENABLE_DEBUG_INFO = NO;
				MTL_FAST_MATH = YES;
				SDKROOT = iphoneos;
				SWIFT_COMPILATION_MODE = wholemodule;
				SWIFT_OPTIMIZATION_LEVEL = "-O";
				VALIDATE_PRODUCT = YES;
			};
			name = Release;
		};
		6B5A26CD26FE799E0047F97E /* Debug */ = {
			isa = XCBuildConfiguration;
			buildSettings = {
				ASSETCATALOG_COMPILER_APPICON_NAME = AppIcon;
				ASSETCATALOG_COMPILER_GLOBAL_ACCENT_COLOR_NAME = AccentColor;
				CODE_SIGN_STYLE = Automatic;
				DEVELOPMENT_TEAM = 54B42DS323;
				INFOPLIST_FILE = rappypaytest/Info.plist;
				IPHONEOS_DEPLOYMENT_TARGET = 12.1;
				LD_RUNPATH_SEARCH_PATHS = (
					"$(inherited)",
					"@executable_path/Frameworks",
				);
				PRODUCT_BUNDLE_IDENTIFIER = com.engobu.rappypaytest;
				PRODUCT_NAME = "$(TARGET_NAME)";
				SWIFT_VERSION = 5.0;
				TARGETED_DEVICE_FAMILY = "1,2";
			};
			name = Debug;
		};
		6B5A26CE26FE799E0047F97E /* Release */ = {
			isa = XCBuildConfiguration;
			buildSettings = {
				ASSETCATALOG_COMPILER_APPICON_NAME = AppIcon;
				ASSETCATALOG_COMPILER_GLOBAL_ACCENT_COLOR_NAME = AccentColor;
				CODE_SIGN_STYLE = Automatic;
				DEVELOPMENT_TEAM = 54B42DS323;
				INFOPLIST_FILE = rappypaytest/Info.plist;
				IPHONEOS_DEPLOYMENT_TARGET = 12.1;
				LD_RUNPATH_SEARCH_PATHS = (
					"$(inherited)",
					"@executable_path/Frameworks",
				);
				PRODUCT_BUNDLE_IDENTIFIER = com.engobu.rappypaytest;
				PRODUCT_NAME = "$(TARGET_NAME)";
				SWIFT_VERSION = 5.0;
				TARGETED_DEVICE_FAMILY = "1,2";
			};
			name = Release;
		};
		6B5A26D026FE799E0047F97E /* Debug */ = {
			isa = XCBuildConfiguration;
			buildSettings = {
				ALWAYS_EMBED_SWIFT_STANDARD_LIBRARIES = YES;
				BUNDLE_LOADER = "$(TEST_HOST)";
				CODE_SIGN_STYLE = Automatic;
				DEVELOPMENT_TEAM = 54B42DS323;
				INFOPLIST_FILE = rappypaytestTests/Info.plist;
				IPHONEOS_DEPLOYMENT_TARGET = 14.4;
				LD_RUNPATH_SEARCH_PATHS = (
					"$(inherited)",
					"@executable_path/Frameworks",
					"@loader_path/Frameworks",
				);
				PRODUCT_BUNDLE_IDENTIFIER = com.engobu.rappypaytestTests;
				PRODUCT_NAME = "$(TARGET_NAME)";
				SWIFT_VERSION = 5.0;
				TARGETED_DEVICE_FAMILY = "1,2";
				TEST_HOST = "$(BUILT_PRODUCTS_DIR)/rappypaytest.app/rappypaytest";
			};
			name = Debug;
		};
		6B5A26D126FE799E0047F97E /* Release */ = {
			isa = XCBuildConfiguration;
			buildSettings = {
				ALWAYS_EMBED_SWIFT_STANDARD_LIBRARIES = YES;
				BUNDLE_LOADER = "$(TEST_HOST)";
				CODE_SIGN_STYLE = Automatic;
				DEVELOPMENT_TEAM = 54B42DS323;
				INFOPLIST_FILE = rappypaytestTests/Info.plist;
				IPHONEOS_DEPLOYMENT_TARGET = 14.4;
				LD_RUNPATH_SEARCH_PATHS = (
					"$(inherited)",
					"@executable_path/Frameworks",
					"@loader_path/Frameworks",
				);
				PRODUCT_BUNDLE_IDENTIFIER = com.engobu.rappypaytestTests;
				PRODUCT_NAME = "$(TARGET_NAME)";
				SWIFT_VERSION = 5.0;
				TARGETED_DEVICE_FAMILY = "1,2";
				TEST_HOST = "$(BUILT_PRODUCTS_DIR)/rappypaytest.app/rappypaytest";
			};
			name = Release;
		};
		6B5A26D326FE799E0047F97E /* Debug */ = {
			isa = XCBuildConfiguration;
			buildSettings = {
				ALWAYS_EMBED_SWIFT_STANDARD_LIBRARIES = YES;
				CODE_SIGN_STYLE = Automatic;
				DEVELOPMENT_TEAM = 54B42DS323;
				INFOPLIST_FILE = rappypaytestUITests/Info.plist;
				LD_RUNPATH_SEARCH_PATHS = (
					"$(inherited)",
					"@executable_path/Frameworks",
					"@loader_path/Frameworks",
				);
				PRODUCT_BUNDLE_IDENTIFIER = com.engobu.rappypaytestUITests;
				PRODUCT_NAME = "$(TARGET_NAME)";
				SWIFT_VERSION = 5.0;
				TARGETED_DEVICE_FAMILY = "1,2";
				TEST_TARGET_NAME = rappypaytest;
			};
			name = Debug;
		};
		6B5A26D426FE799E0047F97E /* Release */ = {
			isa = XCBuildConfiguration;
			buildSettings = {
				ALWAYS_EMBED_SWIFT_STANDARD_LIBRARIES = YES;
				CODE_SIGN_STYLE = Automatic;
				DEVELOPMENT_TEAM = 54B42DS323;
				INFOPLIST_FILE = rappypaytestUITests/Info.plist;
				LD_RUNPATH_SEARCH_PATHS = (
					"$(inherited)",
					"@executable_path/Frameworks",
					"@loader_path/Frameworks",
				);
				PRODUCT_BUNDLE_IDENTIFIER = com.engobu.rappypaytestUITests;
				PRODUCT_NAME = "$(TARGET_NAME)";
				SWIFT_VERSION = 5.0;
				TARGETED_DEVICE_FAMILY = "1,2";
				TEST_TARGET_NAME = rappypaytest;
			};
			name = Release;
		};
/* End XCBuildConfiguration section */

/* Begin XCConfigurationList section */
		6B5A269D26FE798C0047F97E /* Build configuration list for PBXProject "rappypaytest" */ = {
			isa = XCConfigurationList;
			buildConfigurations = (
				6B5A26CA26FE799E0047F97E /* Debug */,
				6B5A26CB26FE799E0047F97E /* Release */,
			);
			defaultConfigurationIsVisible = 0;
			defaultConfigurationName = Release;
		};
		6B5A26CC26FE799E0047F97E /* Build configuration list for PBXNativeTarget "rappypaytest" */ = {
			isa = XCConfigurationList;
			buildConfigurations = (
				6B5A26CD26FE799E0047F97E /* Debug */,
				6B5A26CE26FE799E0047F97E /* Release */,
			);
			defaultConfigurationIsVisible = 0;
			defaultConfigurationName = Release;
		};
		6B5A26CF26FE799E0047F97E /* Build configuration list for PBXNativeTarget "rappypaytestTests" */ = {
			isa = XCConfigurationList;
			buildConfigurations = (
				6B5A26D026FE799E0047F97E /* Debug */,
				6B5A26D126FE799E0047F97E /* Release */,
			);
			defaultConfigurationIsVisible = 0;
			defaultConfigurationName = Release;
		};
		6B5A26D226FE799E0047F97E /* Build configuration list for PBXNativeTarget "rappypaytestUITests" */ = {
			isa = XCConfigurationList;
			buildConfigurations = (
				6B5A26D326FE799E0047F97E /* Debug */,
				6B5A26D426FE799E0047F97E /* Release */,
			);
			defaultConfigurationIsVisible = 0;
			defaultConfigurationName = Release;
		};
/* End XCConfigurationList section */
	};
	rootObject = 6B5A269A26FE798C0047F97E /* Project object */;
}
